// !$*UTF8*$!
{
	archiveVersion = 1;
	classes = {
	};
	objectVersion = 50;
	objects = {

/* Begin PBXBuildFile section */
		64472541249D6189007A0436 /* AppDelegate.swift in Sources */ = {isa = PBXBuildFile; fileRef = 64472540249D6189007A0436 /* AppDelegate.swift */; };
		64472543249D6189007A0436 /* SceneDelegate.swift in Sources */ = {isa = PBXBuildFile; fileRef = 64472542249D6189007A0436 /* SceneDelegate.swift */; };
		64472545249D6189007A0436 /* ViewController.swift in Sources */ = {isa = PBXBuildFile; fileRef = 64472544249D6189007A0436 /* ViewController.swift */; };
		64472548249D6189007A0436 /* Main.storyboard in Resources */ = {isa = PBXBuildFile; fileRef = 64472546249D6189007A0436 /* Main.storyboard */; };
		6447254A249D618C007A0436 /* Assets.xcassets in Resources */ = {isa = PBXBuildFile; fileRef = 64472549249D618C007A0436 /* Assets.xcassets */; };
		6447254D249D618C007A0436 /* LaunchScreen.storyboard in Resources */ = {isa = PBXBuildFile; fileRef = 6447254B249D618C007A0436 /* LaunchScreen.storyboard */; };
		64472563249D618C007A0436 /* tictactoeUITests.swift in Sources */ = {isa = PBXBuildFile; fileRef = 64472562249D618C007A0436 /* tictactoeUITests.swift */; };
		64472571249D62F8007A0436 /* Game.swift in Sources */ = {isa = PBXBuildFile; fileRef = 64472570249D62F8007A0436 /* Game.swift */; };
		64472573249D6C06007A0436 /* GameTests.swift in Sources */ = {isa = PBXBuildFile; fileRef = 64472572249D6C06007A0436 /* GameTests.swift */; };
		6447257524A0ECA1007A0436 /* GameDelegateTests.swift in Sources */ = {isa = PBXBuildFile; fileRef = 6447257424A0ECA1007A0436 /* GameDelegateTests.swift */; };
		6447257724A10841007A0436 /* readme.md in Resources */ = {isa = PBXBuildFile; fileRef = 6447257624A10841007A0436 /* readme.md */; };
/* End PBXBuildFile section */

/* Begin PBXContainerItemProxy section */
		64472554249D618C007A0436 /* PBXContainerItemProxy */ = {
			isa = PBXContainerItemProxy;
			containerPortal = 64472535249D6189007A0436 /* Project object */;
			proxyType = 1;
			remoteGlobalIDString = 6447253C249D6189007A0436;
			remoteInfo = tictactoe;
		};
		6447255F249D618C007A0436 /* PBXContainerItemProxy */ = {
			isa = PBXContainerItemProxy;
			containerPortal = 64472535249D6189007A0436 /* Project object */;
			proxyType = 1;
			remoteGlobalIDString = 6447253C249D6189007A0436;
			remoteInfo = tictactoe;
		};
/* End PBXContainerItemProxy section */

/* Begin PBXFileReference section */
		6447253D249D6189007A0436 /* tictactoe.app */ = {isa = PBXFileReference; explicitFileType = wrapper.application; includeInIndex = 0; path = tictactoe.app; sourceTree = BUILT_PRODUCTS_DIR; };
		64472540249D6189007A0436 /* AppDelegate.swift */ = {isa = PBXFileReference; lastKnownFileType = sourcecode.swift; path = AppDelegate.swift; sourceTree = "<group>"; };
		64472542249D6189007A0436 /* SceneDelegate.swift */ = {isa = PBXFileReference; lastKnownFileType = sourcecode.swift; path = SceneDelegate.swift; sourceTree = "<group>"; };
		64472544249D6189007A0436 /* ViewController.swift */ = {isa = PBXFileReference; lastKnownFileType = sourcecode.swift; path = ViewController.swift; sourceTree = "<group>"; };
		64472547249D6189007A0436 /* Base */ = {isa = PBXFileReference; lastKnownFileType = file.storyboard; name = Base; path = Base.lproj/Main.storyboard; sourceTree = "<group>"; };
		64472549249D618C007A0436 /* Assets.xcassets */ = {isa = PBXFileReference; lastKnownFileType = folder.assetcatalog; path = Assets.xcassets; sourceTree = "<group>"; };
		6447254C249D618C007A0436 /* Base */ = {isa = PBXFileReference; lastKnownFileType = file.storyboard; name = Base; path = Base.lproj/LaunchScreen.storyboard; sourceTree = "<group>"; };
		6447254E249D618C007A0436 /* Info.plist */ = {isa = PBXFileReference; lastKnownFileType = text.plist.xml; path = Info.plist; sourceTree = "<group>"; };
		64472553249D618C007A0436 /* tictactoeTests.xctest */ = {isa = PBXFileReference; explicitFileType = wrapper.cfbundle; includeInIndex = 0; path = tictactoeTests.xctest; sourceTree = BUILT_PRODUCTS_DIR; };
		64472559249D618C007A0436 /* Info.plist */ = {isa = PBXFileReference; lastKnownFileType = text.plist.xml; path = Info.plist; sourceTree = "<group>"; };
		6447255E249D618C007A0436 /* tictactoeUITests.xctest */ = {isa = PBXFileReference; explicitFileType = wrapper.cfbundle; includeInIndex = 0; path = tictactoeUITests.xctest; sourceTree = BUILT_PRODUCTS_DIR; };
		64472562249D618C007A0436 /* tictactoeUITests.swift */ = {isa = PBXFileReference; lastKnownFileType = sourcecode.swift; path = tictactoeUITests.swift; sourceTree = "<group>"; };
		64472564249D618C007A0436 /* Info.plist */ = {isa = PBXFileReference; lastKnownFileType = text.plist.xml; path = Info.plist; sourceTree = "<group>"; };
		64472570249D62F8007A0436 /* Game.swift */ = {isa = PBXFileReference; lastKnownFileType = sourcecode.swift; path = Game.swift; sourceTree = "<group>"; };
		64472572249D6C06007A0436 /* GameTests.swift */ = {isa = PBXFileReference; lastKnownFileType = sourcecode.swift; path = GameTests.swift; sourceTree = "<group>"; };
		6447257424A0ECA1007A0436 /* GameDelegateTests.swift */ = {isa = PBXFileReference; lastKnownFileType = sourcecode.swift; path = GameDelegateTests.swift; sourceTree = "<group>"; };
		6447257624A10841007A0436 /* readme.md */ = {isa = PBXFileReference; fileEncoding = 4; lastKnownFileType = net.daringfireball.markdown; path = readme.md; sourceTree = SOURCE_ROOT; };
/* End PBXFileReference section */

/* Begin PBXFrameworksBuildPhase section */
		6447253A249D6189007A0436 /* Frameworks */ = {
			isa = PBXFrameworksBuildPhase;
			buildActionMask = 2147483647;
			files = (
			);
			runOnlyForDeploymentPostprocessing = 0;
		};
		64472550249D618C007A0436 /* Frameworks */ = {
			isa = PBXFrameworksBuildPhase;
			buildActionMask = 2147483647;
			files = (
			);
			runOnlyForDeploymentPostprocessing = 0;
		};
		6447255B249D618C007A0436 /* Frameworks */ = {
			isa = PBXFrameworksBuildPhase;
			buildActionMask = 2147483647;
			files = (
			);
			runOnlyForDeploymentPostprocessing = 0;
		};
/* End PBXFrameworksBuildPhase section */

/* Begin PBXGroup section */
		64472534249D6189007A0436 = {
			isa = PBXGroup;
			children = (
				6447253F249D6189007A0436 /* tictactoe */,
				64472556249D618C007A0436 /* tictactoeTests */,
				64472561249D618C007A0436 /* tictactoeUITests */,
				6447253E249D6189007A0436 /* Products */,
			);
			sourceTree = "<group>";
		};
		6447253E249D6189007A0436 /* Products */ = {
			isa = PBXGroup;
			children = (
				6447253D249D6189007A0436 /* tictactoe.app */,
				64472553249D618C007A0436 /* tictactoeTests.xctest */,
				6447255E249D618C007A0436 /* tictactoeUITests.xctest */,
			);
			name = Products;
			sourceTree = "<group>";
		};
		6447253F249D6189007A0436 /* tictactoe */ = {
			isa = PBXGroup;
			children = (
				6447257624A10841007A0436 /* readme.md */,
				64472540249D6189007A0436 /* AppDelegate.swift */,
				64472542249D6189007A0436 /* SceneDelegate.swift */,
				64472544249D6189007A0436 /* ViewController.swift */,
				64472546249D6189007A0436 /* Main.storyboard */,
				64472549249D618C007A0436 /* Assets.xcassets */,
				6447254B249D618C007A0436 /* LaunchScreen.storyboard */,
				6447254E249D618C007A0436 /* Info.plist */,
				64472570249D62F8007A0436 /* Game.swift */,
			);
			path = tictactoe;
			sourceTree = "<group>";
		};
		64472556249D618C007A0436 /* tictactoeTests */ = {
			isa = PBXGroup;
			children = (
				64472559249D618C007A0436 /* Info.plist */,
				64472572249D6C06007A0436 /* GameTests.swift */,
				6447257424A0ECA1007A0436 /* GameDelegateTests.swift */,
			);
			path = tictactoeTests;
			sourceTree = "<group>";
		};
		64472561249D618C007A0436 /* tictactoeUITests */ = {
			isa = PBXGroup;
			children = (
				64472562249D618C007A0436 /* tictactoeUITests.swift */,
				64472564249D618C007A0436 /* Info.plist */,
			);
			path = tictactoeUITests;
			sourceTree = "<group>";
		};
/* End PBXGroup section */

/* Begin PBXNativeTarget section */
		6447253C249D6189007A0436 /* tictactoe */ = {
			isa = PBXNativeTarget;
			buildConfigurationList = 64472567249D618C007A0436 /* Build configuration list for PBXNativeTarget "tictactoe" */;
			buildPhases = (
				64472539249D6189007A0436 /* Sources */,
				6447253A249D6189007A0436 /* Frameworks */,
				6447253B249D6189007A0436 /* Resources */,
			);
			buildRules = (
			);
			dependencies = (
			);
			name = tictactoe;
			productName = tictactoe;
			productReference = 6447253D249D6189007A0436 /* tictactoe.app */;
			productType = "com.apple.product-type.application";
		};
		64472552249D618C007A0436 /* tictactoeTests */ = {
			isa = PBXNativeTarget;
			buildConfigurationList = 6447256A249D618C007A0436 /* Build configuration list for PBXNativeTarget "tictactoeTests" */;
			buildPhases = (
				6447254F249D618C007A0436 /* Sources */,
				64472550249D618C007A0436 /* Frameworks */,
				64472551249D618C007A0436 /* Resources */,
			);
			buildRules = (
			);
			dependencies = (
				64472555249D618C007A0436 /* PBXTargetDependency */,
			);
			name = tictactoeTests;
			productName = tictactoeTests;
			productReference = 64472553249D618C007A0436 /* tictactoeTests.xctest */;
			productType = "com.apple.product-type.bundle.unit-test";
		};
		6447255D249D618C007A0436 /* tictactoeUITests */ = {
			isa = PBXNativeTarget;
			buildConfigurationList = 6447256D249D618C007A0436 /* Build configuration list for PBXNativeTarget "tictactoeUITests" */;
			buildPhases = (
				6447255A249D618C007A0436 /* Sources */,
				6447255B249D618C007A0436 /* Frameworks */,
				6447255C249D618C007A0436 /* Resources */,
			);
			buildRules = (
			);
			dependencies = (
				64472560249D618C007A0436 /* PBXTargetDependency */,
			);
			name = tictactoeUITests;
			productName = tictactoeUITests;
			productReference = 6447255E249D618C007A0436 /* tictactoeUITests.xctest */;
			productType = "com.apple.product-type.bundle.ui-testing";
		};
/* End PBXNativeTarget section */

/* Begin PBXProject section */
		64472535249D6189007A0436 /* Project object */ = {
			isa = PBXProject;
			attributes = {
				LastSwiftUpdateCheck = 1150;
				LastUpgradeCheck = 1150;
				ORGANIZATIONNAME = "Marco Mustapic";
				TargetAttributes = {
					6447253C249D6189007A0436 = {
						CreatedOnToolsVersion = 11.5;
					};
					64472552249D618C007A0436 = {
						CreatedOnToolsVersion = 11.5;
						TestTargetID = 6447253C249D6189007A0436;
					};
					6447255D249D618C007A0436 = {
						CreatedOnToolsVersion = 11.5;
						TestTargetID = 6447253C249D6189007A0436;
					};
				};
			};
			buildConfigurationList = 64472538249D6189007A0436 /* Build configuration list for PBXProject "tictactoe" */;
			compatibilityVersion = "Xcode 9.3";
			developmentRegion = en;
			hasScannedForEncodings = 0;
			knownRegions = (
				en,
				Base,
			);
			mainGroup = 64472534249D6189007A0436;
			productRefGroup = 6447253E249D6189007A0436 /* Products */;
			projectDirPath = "";
			projectRoot = "";
			targets = (
				6447253C249D6189007A0436 /* tictactoe */,
				64472552249D618C007A0436 /* tictactoeTests */,
				6447255D249D618C007A0436 /* tictactoeUITests */,
			);
		};
/* End PBXProject section */

/* Begin PBXResourcesBuildPhase section */
		6447253B249D6189007A0436 /* Resources */ = {
			isa = PBXResourcesBuildPhase;
			buildActionMask = 2147483647;
			files = (
				6447254D249D618C007A0436 /* LaunchScreen.storyboard in Resources */,
				6447254A249D618C007A0436 /* Assets.xcassets in Resources */,
				6447257724A10841007A0436 /* readme.md in Resources */,
				64472548249D6189007A0436 /* Main.storyboard in Resources */,
			);
			runOnlyForDeploymentPostprocessing = 0;
		};
		64472551249D618C007A0436 /* Resources */ = {
			isa = PBXResourcesBuildPhase;
			buildActionMask = 2147483647;
			files = (
			);
			runOnlyForDeploymentPostprocessing = 0;
		};
		6447255C249D618C007A0436 /* Resources */ = {
			isa = PBXResourcesBuildPhase;
			buildActionMask = 2147483647;
			files = (
			);
			runOnlyForDeploymentPostprocessing = 0;
		};
/* End PBXResourcesBuildPhase section */

/* Begin PBXSourcesBuildPhase section */
		64472539249D6189007A0436 /* Sources */ = {
			isa = PBXSourcesBuildPhase;
			buildActionMask = 2147483647;
			files = (
				64472545249D6189007A0436 /* ViewController.swift in Sources */,
				64472541249D6189007A0436 /* AppDelegate.swift in Sources */,
				64472571249D62F8007A0436 /* Game.swift in Sources */,
				64472543249D6189007A0436 /* SceneDelegate.swift in Sources */,
			);
			runOnlyForDeploymentPostprocessing = 0;
		};
		6447254F249D618C007A0436 /* Sources */ = {
			isa = PBXSourcesBuildPhase;
			buildActionMask = 2147483647;
			files = (
				64472573249D6C06007A0436 /* GameTests.swift in Sources */,
				6447257524A0ECA1007A0436 /* GameDelegateTests.swift in Sources */,
			);
			runOnlyForDeploymentPostprocessing = 0;
		};
		6447255A249D618C007A0436 /* Sources */ = {
			isa = PBXSourcesBuildPhase;
			buildActionMask = 2147483647;
			files = (
				64472563249D618C007A0436 /* tictactoeUITests.swift in Sources */,
			);
			runOnlyForDeploymentPostprocessing = 0;
		};
/* End PBXSourcesBuildPhase section */

/* Begin PBXTargetDependency section */
		64472555249D618C007A0436 /* PBXTargetDependency */ = {
			isa = PBXTargetDependency;
			target = 6447253C249D6189007A0436 /* tictactoe */;
			targetProxy = 64472554249D618C007A0436 /* PBXContainerItemProxy */;
		};
		64472560249D618C007A0436 /* PBXTargetDependency */ = {
			isa = PBXTargetDependency;
			target = 6447253C249D6189007A0436 /* tictactoe */;
			targetProxy = 6447255F249D618C007A0436 /* PBXContainerItemProxy */;
		};
/* End PBXTargetDependency section */

/* Begin PBXVariantGroup section */
		64472546249D6189007A0436 /* Main.storyboard */ = {
			isa = PBXVariantGroup;
			children = (
				64472547249D6189007A0436 /* Base */,
			);
			name = Main.storyboard;
			sourceTree = "<group>";
		};
		6447254B249D618C007A0436 /* LaunchScreen.storyboard */ = {
			isa = PBXVariantGroup;
			children = (
				6447254C249D618C007A0436 /* Base */,
			);
			name = LaunchScreen.storyboard;
			sourceTree = "<group>";
		};
/* End PBXVariantGroup section */

/* Begin XCBuildConfiguration section */
		64472565249D618C007A0436 /* Debug */ = {
			isa = XCBuildConfiguration;
			buildSettings = {
				ALWAYS_SEARCH_USER_PATHS = NO;
				CLANG_ANALYZER_NONNULL = YES;
				CLANG_ANALYZER_NUMBER_OBJECT_CONVERSION = YES_AGGRESSIVE;
				CLANG_CXX_LANGUAGE_STANDARD = "gnu++14";
				CLANG_CXX_LIBRARY = "libc++";
				CLANG_ENABLE_MODULES = YES;
				CLANG_ENABLE_OBJC_ARC = YES;
				CLANG_ENABLE_OBJC_WEAK = YES;
				CLANG_WARN_BLOCK_CAPTURE_AUTORELEASING = YES;
				CLANG_WARN_BOOL_CONVERSION = YES;
				CLANG_WARN_COMMA = YES;
				CLANG_WARN_CONSTANT_CONVERSION = YES;
				CLANG_WARN_DEPRECATED_OBJC_IMPLEMENTATIONS = YES;
				CLANG_WARN_DIRECT_OBJC_ISA_USAGE = YES_ERROR;
				CLANG_WARN_DOCUMENTATION_COMMENTS = YES;
				CLANG_WARN_EMPTY_BODY = YES;
				CLANG_WARN_ENUM_CONVERSION = YES;
				CLANG_WARN_INFINITE_RECURSION = YES;
				CLANG_WARN_INT_CONVERSION = YES;
				CLANG_WARN_NON_LITERAL_NULL_CONVERSION = YES;
				CLANG_WARN_OBJC_IMPLICIT_RETAIN_SELF = YES;
				CLANG_WARN_OBJC_LITERAL_CONVERSION = YES;
				CLANG_WARN_OBJC_ROOT_CLASS = YES_ERROR;
				CLANG_WARN_RANGE_LOOP_ANALYSIS = YES;
				CLANG_WARN_STRICT_PROTOTYPES = YES;
				CLANG_WARN_SUSPICIOUS_MOVE = YES;
				CLANG_WARN_UNGUARDED_AVAILABILITY = YES_AGGRESSIVE;
				CLANG_WARN_UNREACHABLE_CODE = YES;
				CLANG_WARN__DUPLICATE_METHOD_MATCH = YES;
				COPY_PHASE_STRIP = NO;
				DEBUG_INFORMATION_FORMAT = dwarf;
				ENABLE_STRICT_OBJC_MSGSEND = YES;
				ENABLE_TESTABILITY = YES;
				GCC_C_LANGUAGE_STANDARD = gnu11;
				GCC_DYNAMIC_NO_PIC = NO;
				GCC_NO_COMMON_BLOCKS = YES;
				GCC_OPTIMIZATION_LEVEL = 0;
				GCC_PREPROCESSOR_DEFINITIONS = (
					"DEBUG=1",
					"$(inherited)",
				);
				GCC_WARN_64_TO_32_BIT_CONVERSION = YES;
				GCC_WARN_ABOUT_RETURN_TYPE = YES_ERROR;
				GCC_WARN_UNDECLARED_SELECTOR = YES;
				GCC_WARN_UNINITIALIZED_AUTOS = YES_AGGRESSIVE;
				GCC_WARN_UNUSED_FUNCTION = YES;
				GCC_WARN_UNUSED_VARIABLE = YES;
				IPHONEOS_DEPLOYMENT_TARGET = 13.5;
				MTL_ENABLE_DEBUG_INFO = INCLUDE_SOURCE;
				MTL_FAST_MATH = YES;
				ONLY_ACTIVE_ARCH = YES;
				SDKROOT = iphoneos;
				SWIFT_ACTIVE_COMPILATION_CONDITIONS = DEBUG;
				SWIFT_OPTIMIZATION_LEVEL = "-Onone";
			};
			name = Debug;
		};
		64472566249D618C007A0436 /* Release */ = {
			isa = XCBuildConfiguration;
			buildSettings = {
				ALWAYS_SEARCH_USER_PATHS = NO;
				CLANG_ANALYZER_NONNULL = YES;
				CLANG_ANALYZER_NUMBER_OBJECT_CONVERSION = YES_AGGRESSIVE;
				CLANG_CXX_LANGUAGE_STANDARD = "gnu++14";
				CLANG_CXX_LIBRARY = "libc++";
				CLANG_ENABLE_MODULES = YES;
				CLANG_ENABLE_OBJC_ARC = YES;
				CLANG_ENABLE_OBJC_WEAK = YES;
				CLANG_WARN_BLOCK_CAPTURE_AUTORELEASING = YES;
				CLANG_WARN_BOOL_CONVERSION = YES;
				CLANG_WARN_COMMA = YES;
				CLANG_WARN_CONSTANT_CONVERSION = YES;
				CLANG_WARN_DEPRECATED_OBJC_IMPLEMENTATIONS = YES;
				CLANG_WARN_DIRECT_OBJC_ISA_USAGE = YES_ERROR;
				CLANG_WARN_DOCUMENTATION_COMMENTS = YES;
				CLANG_WARN_EMPTY_BODY = YES;
				CLANG_WARN_ENUM_CONVERSION = YES;
				CLANG_WARN_INFINITE_RECURSION = YES;
				CLANG_WARN_INT_CONVERSION = YES;
				CLANG_WARN_NON_LITERAL_NULL_CONVERSION = YES;
				CLANG_WARN_OBJC_IMPLICIT_RETAIN_SELF = YES;
				CLANG_WARN_OBJC_LITERAL_CONVERSION = YES;
				CLANG_WARN_OBJC_ROOT_CLASS = YES_ERROR;
				CLANG_WARN_RANGE_LOOP_ANALYSIS = YES;
				CLANG_WARN_STRICT_PROTOTYPES = YES;
				CLANG_WARN_SUSPICIOUS_MOVE = YES;
				CLANG_WARN_UNGUARDED_AVAILABILITY = YES_AGGRESSIVE;
				CLANG_WARN_UNREACHABLE_CODE = YES;
				CLANG_WARN__DUPLICATE_METHOD_MATCH = YES;
				COPY_PHASE_STRIP = NO;
				DEBUG_INFORMATION_FORMAT = "dwarf-with-dsym";
				ENABLE_NS_ASSERTIONS = NO;
				ENABLE_STRICT_OBJC_MSGSEND = YES;
				GCC_C_LANGUAGE_STANDARD = gnu11;
				GCC_NO_COMMON_BLOCKS = YES;
				GCC_WARN_64_TO_32_BIT_CONVERSION = YES;
				GCC_WARN_ABOUT_RETURN_TYPE = YES_ERROR;
				GCC_WARN_UNDECLARED_SELECTOR = YES;
				GCC_WARN_UNINITIALIZED_AUTOS = YES_AGGRESSIVE;
				GCC_WARN_UNUSED_FUNCTION = YES;
				GCC_WARN_UNUSED_VARIABLE = YES;
				IPHONEOS_DEPLOYMENT_TARGET = 13.5;
				MTL_ENABLE_DEBUG_INFO = NO;
				MTL_FAST_MATH = YES;
				SDKROOT = iphoneos;
				SWIFT_COMPILATION_MODE = wholemodule;
				SWIFT_OPTIMIZATION_LEVEL = "-O";
				VALIDATE_PRODUCT = YES;
			};
			name = Release;
		};
		64472568249D618C007A0436 /* Debug */ = {
			isa = XCBuildConfiguration;
			buildSettings = {
				ASSETCATALOG_COMPILER_APPICON_NAME = AppIcon;
				CODE_SIGN_STYLE = Automatic;
				INFOPLIST_FILE = tictactoe/Info.plist;
				LD_RUNPATH_SEARCH_PATHS = (
					"$(inherited)",
					"@executable_path/Frameworks",
				);
				PRODUCT_BUNDLE_IDENTIFIER = be.kuni.tictactoe;
				PRODUCT_NAME = "$(TARGET_NAME)";
				SWIFT_VERSION = 5.0;
				TARGETED_DEVICE_FAMILY = "1,2";
			};
			name = Debug;
		};
		64472569249D618C007A0436 /* Release */ = {
			isa = XCBuildConfiguration;
			buildSettings = {
				ASSETCATALOG_COMPILER_APPICON_NAME = AppIcon;
				CODE_SIGN_STYLE = Automatic;
				INFOPLIST_FILE = tictactoe/Info.plist;
				LD_RUNPATH_SEARCH_PATHS = (
					"$(inherited)",
					"@executable_path/Frameworks",
				);
				PRODUCT_BUNDLE_IDENTIFIER = be.kuni.tictactoe;
				PRODUCT_NAME = "$(TARGET_NAME)";
				SWIFT_VERSION = 5.0;
				TARGETED_DEVICE_FAMILY = "1,2";
			};
			name = Release;
		};
		6447256B249D618C007A0436 /* Debug */ = {
			isa = XCBuildConfiguration;
			buildSettings = {
				ALWAYS_EMBED_SWIFT_STANDARD_LIBRARIES = YES;
				BUNDLE_LOADER = "$(TEST_HOST)";
				CODE_SIGN_STYLE = Automatic;
				INFOPLIST_FILE = tictactoeTests/Info.plist;
				IPHONEOS_DEPLOYMENT_TARGET = 13.5;
				LD_RUNPATH_SEARCH_PATHS = (
					"$(inherited)",
					"@executable_path/Frameworks",
					"@loader_path/Frameworks",
				);
				PRODUCT_BUNDLE_IDENTIFIER = be.kuni.tictactoeTests;
				PRODUCT_NAME = "$(TARGET_NAME)";
				SWIFT_VERSION = 5.0;
				TARGETED_DEVICE_FAMILY = "1,2";
				TEST_HOST = "$(BUILT_PRODUCTS_DIR)/tictactoe.app/tictactoe";
			};
			name = Debug;
		};
		6447256C249D618C007A0436 /* Release */ = {
			isa = XCBuildConfiguration;
			buildSettings = {
				ALWAYS_EMBED_SWIFT_STANDARD_LIBRARIES = YES;
				BUNDLE_LOADER = "$(TEST_HOST)";
				CODE_SIGN_STYLE = Automatic;
				INFOPLIST_FILE = tictactoeTests/Info.plist;
				IPHONEOS_DEPLOYMENT_TARGET = 13.5;
				LD_RUNPATH_SEARCH_PATHS = (
					"$(inherited)",
					"@executable_path/Frameworks",
					"@loader_path/Frameworks",
				);
				PRODUCT_BUNDLE_IDENTIFIER = be.kuni.tictactoeTests;
				PRODUCT_NAME = "$(TARGET_NAME)";
				SWIFT_VERSION = 5.0;
				TARGETED_DEVICE_FAMILY = "1,2";
				TEST_HOST = "$(BUILT_PRODUCTS_DIR)/tictactoe.app/tictactoe";
			};
			name = Release;
		};
		6447256E249D618C007A0436 /* Debug */ = {
			isa = XCBuildConfiguration;
			buildSettings = {
				ALWAYS_EMBED_SWIFT_STANDARD_LIBRARIES = YES;
				CODE_SIGN_STYLE = Automatic;
				INFOPLIST_FILE = tictactoeUITests/Info.plist;
				LD_RUNPATH_SEARCH_PATHS = (
					"$(inherited)",
					"@executable_path/Frameworks",
					"@loader_path/Frameworks",
				);
				PRODUCT_BUNDLE_IDENTIFIER = be.kuni.tictactoeUITests;
				PRODUCT_NAME = "$(TARGET_NAME)";
				SWIFT_VERSION = 5.0;
				TARGETED_DEVICE_FAMILY = "1,2";
				TEST_TARGET_NAME = tictactoe;
			};
			name = Debug;
		};
		6447256F249D618C007A0436 /* Release */ = {
			isa = XCBuildConfiguration;
			buildSettings = {
				ALWAYS_EMBED_SWIFT_STANDARD_LIBRARIES = YES;
				CODE_SIGN_STYLE = Automatic;
				INFOPLIST_FILE = tictactoeUITests/Info.plist;
				LD_RUNPATH_SEARCH_PATHS = (
					"$(inherited)",
					"@executable_path/Frameworks",
					"@loader_path/Frameworks",
				);
				PRODUCT_BUNDLE_IDENTIFIER = be.kuni.tictactoeUITests;
				PRODUCT_NAME = "$(TARGET_NAME)";
				SWIFT_VERSION = 5.0;
				TARGETED_DEVICE_FAMILY = "1,2";
				TEST_TARGET_NAME = tictactoe;
			};
			name = Release;
		};
/* End XCBuildConfiguration section */

/* Begin XCConfigurationList section */
		64472538249D6189007A0436 /* Build configuration list for PBXProject "tictactoe" */ = {
			isa = XCConfigurationList;
			buildConfigurations = (
				64472565249D618C007A0436 /* Debug */,
				64472566249D618C007A0436 /* Release */,
			);
			defaultConfigurationIsVisible = 0;
			defaultConfigurationName = Release;
		};
		64472567249D618C007A0436 /* Build configuration list for PBXNativeTarget "tictactoe" */ = {
			isa = XCConfigurationList;
			buildConfigurations = (
				64472568249D618C007A0436 /* Debug */,
				64472569249D618C007A0436 /* Release */,
			);
			defaultConfigurationIsVisible = 0;
			defaultConfigurationName = Release;
		};
		6447256A249D618C007A0436 /* Build configuration list for PBXNativeTarget "tictactoeTests" */ = {
			isa = XCConfigurationList;
			buildConfigurations = (
				6447256B249D618C007A0436 /* Debug */,
				6447256C249D618C007A0436 /* Release */,
			);
			defaultConfigurationIsVisible = 0;
			defaultConfigurationName = Release;
		};
		6447256D249D618C007A0436 /* Build configuration list for PBXNativeTarget "tictactoeUITests" */ = {
			isa = XCConfigurationList;
			buildConfigurations = (
				6447256E249D618C007A0436 /* Debug */,
				6447256F249D618C007A0436 /* Release */,
			);
			defaultConfigurationIsVisible = 0;
			defaultConfigurationName = Release;
		};
/* End XCConfigurationList section */
	};
	rootObject = 64472535249D6189007A0436 /* Project object */;
}
